
Microsoft Visual Studio Solution File, Format Version 12.00
# Visual Studio Version 17
VisualStudioVersion = 17.7.34009.444
MinimumVisualStudioVersion = 10.0.40219.1
Project("{FAE04EC0-301F-11D3-BF4B-00C04F79EFBC}") = "NZWalks.API", "NZWalksAPI\NZWalks.API.csproj", "{F4F64D43-7A23-4419-9642-4379678F3506}"
EndProject
Global
	GlobalSection(SolutionConfigurationPlatforms) = preSolution
		Debug|Any CPU = Debug|Any CPU
		Release|Any CPU = Release|Any CPU
	EndGlobalSection
	GlobalSection(ProjectConfigurationPlatforms) = postSolution
		{F4F64D43-7A23-4419-9642-4379678F3506}.Debug|Any CPU.ActiveCfg = Debug|Any CPU
		{F4F64D43-7A23-4419-9642-4379678F3506}.Debug|Any CPU.Build.0 = Debug|Any CPU
		{F4F64D43-7A23-4419-9642-4379678F3506}.Release|Any CPU.ActiveCfg = Release|Any CPU
		{F4F64D43-7A23-4419-9642-4379678F3506}.Release|Any CPU.Build.0 = Release|Any CPU
	EndGlobalSection
	GlobalSection(SolutionProperties) = preSolution
		HideSolutionNode = FALSE
	EndGlobalSection
	GlobalSection(ExtensibilityGlobals) = postSolution
		SolutionGuid = {84343F0C-923F-4257-AEF0-AF79C42D3283}
	EndGlobalSection
EndGlobal
